
Microsoft Visual Studio Solution File, Format Version 12.00
# Visual Studio Version 17
VisualStudioVersion = 17.3.32825.248
MinimumVisualStudioVersion = 10.0.40219.1
Project("{FAE04EC0-301F-11D3-BF4B-00C04F79EFBC}") = "cs_11f", "cs_11f.csproj", "{6935213C-0C0A-40AF-A685-69F21D7D29B7}"
EndProject
Global
	GlobalSection(SolutionConfigurationPlatforms) = preSolution
		Debug|Any CPU = Debug|Any CPU
		Release|Any CPU = Release|Any CPU
	EndGlobalSection
	GlobalSection(ProjectConfigurationPlatforms) = postSolution
		{6935213C-0C0A-40AF-A685-69F21D7D29B7}.Debug|Any CPU.ActiveCfg = Debug|Any CPU
		{6935213C-0C0A-40AF-A685-69F21D7D29B7}.Debug|Any CPU.Build.0 = Debug|Any CPU
		{6935213C-0C0A-40AF-A685-69F21D7D29B7}.Release|Any CPU.ActiveCfg = Release|Any CPU
		{6935213C-0C0A-40AF-A685-69F21D7D29B7}.Release|Any CPU.Build.0 = Release|Any CPU
	EndGlobalSection
	GlobalSection(SolutionProperties) = preSolution
		HideSolutionNode = FALSE
	EndGlobalSection
	GlobalSection(ExtensibilityGlobals) = postSolution
		SolutionGuid = {CF329A91-A391-41A1-B081-5309E3E834FE}
	EndGlobalSection
EndGlobal
